
Microsoft Visual Studio Solution File, Format Version 12.00
# Visual Studio Version 16
VisualStudioVersion = 16.0.32413.511
MinimumVisualStudioVersion = 10.0.40219.1
Project("{FAE04EC0-301F-11D3-BF4B-00C04F79EFBC}") = "Programowanie-wizualne-2", "Programowanie-wizualne-2.csproj", "{762D7BAB-634E-4E39-9E47-2B1C4D900B16}"
EndProject
Global
	GlobalSection(SolutionConfigurationPlatforms) = preSolution
		Debug|Any CPU = Debug|Any CPU
		Release|Any CPU = Release|Any CPU
	EndGlobalSection
	GlobalSection(ProjectConfigurationPlatforms) = postSolution
		{762D7BAB-634E-4E39-9E47-2B1C4D900B16}.Debug|Any CPU.ActiveCfg = Debug|Any CPU
		{762D7BAB-634E-4E39-9E47-2B1C4D900B16}.Debug|Any CPU.Build.0 = Debug|Any CPU
		{762D7BAB-634E-4E39-9E47-2B1C4D900B16}.Release|Any CPU.ActiveCfg = Release|Any CPU
		{762D7BAB-634E-4E39-9E47-2B1C4D900B16}.Release|Any CPU.Build.0 = Release|Any CPU
	EndGlobalSection
	GlobalSection(SolutionProperties) = preSolution
		HideSolutionNode = FALSE
	EndGlobalSection
	GlobalSection(ExtensibilityGlobals) = postSolution
		SolutionGuid = {928E1245-E77F-4FB9-B237-7A348B6CDBA8}
	EndGlobalSection
EndGlobal
